
Microsoft Visual Studio Solution File, Format Version 12.00
# Visual Studio Version 17
VisualStudioVersion = 17.0.32112.339
MinimumVisualStudioVersion = 10.0.40219.1
Project("{9A19103F-16F7-4668-BE54-9A1E7A4F7556}") = "Winkel", "Winkel\Winkel.csproj", "{3D15554C-A167-4C4D-8816-EABF5CAE8E9A}"
EndProject
Project("{FAE04EC0-301F-11D3-BF4B-00C04F79EFBC}") = "ConsoleAppWinkel", "ConsoleAppWinkel\ConsoleAppWinkel.csproj", "{A3DE2329-9159-42C4-963E-AEDC2AF9209C}"
EndProject
Global
	GlobalSection(SolutionConfigurationPlatforms) = preSolution
		Debug|Any CPU = Debug|Any CPU
		Release|Any CPU = Release|Any CPU
	EndGlobalSection
	GlobalSection(ProjectConfigurationPlatforms) = postSolution
		{3D15554C-A167-4C4D-8816-EABF5CAE8E9A}.Debug|Any CPU.ActiveCfg = Debug|Any CPU
		{3D15554C-A167-4C4D-8816-EABF5CAE8E9A}.Debug|Any CPU.Build.0 = Debug|Any CPU
		{3D15554C-A167-4C4D-8816-EABF5CAE8E9A}.Release|Any CPU.ActiveCfg = Release|Any CPU
		{3D15554C-A167-4C4D-8816-EABF5CAE8E9A}.Release|Any CPU.Build.0 = Release|Any CPU
		{A3DE2329-9159-42C4-963E-AEDC2AF9209C}.Debug|Any CPU.ActiveCfg = Debug|Any CPU
		{A3DE2329-9159-42C4-963E-AEDC2AF9209C}.Debug|Any CPU.Build.0 = Debug|Any CPU
		{A3DE2329-9159-42C4-963E-AEDC2AF9209C}.Release|Any CPU.ActiveCfg = Release|Any CPU
		{A3DE2329-9159-42C4-963E-AEDC2AF9209C}.Release|Any CPU.Build.0 = Release|Any CPU
	EndGlobalSection
	GlobalSection(SolutionProperties) = preSolution
		HideSolutionNode = FALSE
	EndGlobalSection
	GlobalSection(ExtensibilityGlobals) = postSolution
		SolutionGuid = {AA6D63A1-6450-40B9-A6D9-D32D268B0672}
	EndGlobalSection
EndGlobal
